
Microsoft Visual Studio Solution File, Format Version 12.00
# Visual Studio Version 17
VisualStudioVersion = 17.3.32922.545
MinimumVisualStudioVersion = 10.0.40219.1
Project("{FAE04EC0-301F-11D3-BF4B-00C04F79EFBC}") = "GestAgropInter", "GestAgropInter\GestAgropInter.csproj", "{272383CF-8A31-4C18-B1C6-E0E9776E8505}"
EndProject
Global
	GlobalSection(SolutionConfigurationPlatforms) = preSolution
		Debug|Any CPU = Debug|Any CPU
		Release|Any CPU = Release|Any CPU
	EndGlobalSection
	GlobalSection(ProjectConfigurationPlatforms) = postSolution
		{272383CF-8A31-4C18-B1C6-E0E9776E8505}.Debug|Any CPU.ActiveCfg = Debug|Any CPU
		{272383CF-8A31-4C18-B1C6-E0E9776E8505}.Debug|Any CPU.Build.0 = Debug|Any CPU
		{272383CF-8A31-4C18-B1C6-E0E9776E8505}.Release|Any CPU.ActiveCfg = Release|Any CPU
		{272383CF-8A31-4C18-B1C6-E0E9776E8505}.Release|Any CPU.Build.0 = Release|Any CPU
	EndGlobalSection
	GlobalSection(SolutionProperties) = preSolution
		HideSolutionNode = FALSE
	EndGlobalSection
	GlobalSection(ExtensibilityGlobals) = postSolution
		SolutionGuid = {EBBBF56D-BA9E-40E1-A8F9-6D5FCE0F8A0E}
	EndGlobalSection
EndGlobal
